
Microsoft Visual Studio Solution File, Format Version 12.00
# Visual Studio Version 16
VisualStudioVersion = 16.0.29728.190
MinimumVisualStudioVersion = 10.0.40219.1
Project("{FAE04EC0-301F-11D3-BF4B-00C04F79EFBC}") = "Android-yt.UWP", "Android-yt\Android-yt.UWP\Android-yt.UWP.csproj", "{1B614520-5F41-4ADE-A8B7-AD72222AE9B8}"
EndProject
Project("{FAE04EC0-301F-11D3-BF4B-00C04F79EFBC}") = "Android-yt.Android", "Android-yt\Android-yt.Android\Android-yt.Android.csproj", "{FA70A003-72FF-4847-8242-F7F69530FEAD}"
EndProject
Project("{FAE04EC0-301F-11D3-BF4B-00C04F79EFBC}") = "Android-yt.iOS", "Android-yt\Android-yt.iOS\Android-yt.iOS.csproj", "{E3C3ED3A-42D7-4B2B-8B4E-D465973AB5F2}"
EndProject
Project("{9A19103F-16F7-4668-BE54-9A1E7A4F7556}") = "YoutubeMp3", "Android-yt\Android-yt\YoutubeMp3.csproj", "{0798032C-5204-42BF-9830-FE48530B930A}"
EndProject
Global
	GlobalSection(SolutionConfigurationPlatforms) = preSolution
		Debug|Any CPU = Debug|Any CPU
		Debug|ARM = Debug|ARM
		Debug|iPhone = Debug|iPhone
		Debug|iPhoneSimulator = Debug|iPhoneSimulator
		Debug|x64 = Debug|x64
		Debug|x86 = Debug|x86
		Release|Any CPU = Release|Any CPU
		Release|ARM = Release|ARM
		Release|iPhone = Release|iPhone
		Release|iPhoneSimulator = Release|iPhoneSimulator
		Release|x64 = Release|x64
		Release|x86 = Release|x86
	EndGlobalSection
	GlobalSection(ProjectConfigurationPlatforms) = postSolution
		{1B614520-5F41-4ADE-A8B7-AD72222AE9B8}.Debug|Any CPU.ActiveCfg = Debug|x86
		{1B614520-5F41-4ADE-A8B7-AD72222AE9B8}.Debug|Any CPU.Build.0 = Debug|x86
		{1B614520-5F41-4ADE-A8B7-AD72222AE9B8}.Debug|Any CPU.Deploy.0 = Debug|x86
		{1B614520-5F41-4ADE-A8B7-AD72222AE9B8}.Debug|ARM.ActiveCfg = Debug|ARM
		{1B614520-5F41-4ADE-A8B7-AD72222AE9B8}.Debug|ARM.Build.0 = Debug|ARM
		{1B614520-5F41-4ADE-A8B7-AD72222AE9B8}.Debug|ARM.Deploy.0 = Debug|ARM
		{1B614520-5F41-4ADE-A8B7-AD72222AE9B8}.Debug|iPhone.ActiveCfg = Debug|x86
		{1B614520-5F41-4ADE-A8B7-AD72222AE9B8}.Debug|iPhone.Build.0 = Debug|x86
		{1B614520-5F41-4ADE-A8B7-AD72222AE9B8}.Debug|iPhone.Deploy.0 = Debug|x86
		{1B614520-5F41-4ADE-A8B7-AD72222AE9B8}.Debug|iPhoneSimulator.ActiveCfg = Debug|x86
		{1B614520-5F41-4ADE-A8B7-AD72222AE9B8}.Debug|iPhoneSimulator.Build.0 = Debug|x86
		{1B614520-5F41-4ADE-A8B7-AD72222AE9B8}.Debug|iPhoneSimulator.Deploy.0 = Debug|x86
		{1B614520-5F41-4ADE-A8B7-AD72222AE9B8}.Debug|x64.ActiveCfg = Debug|x64
		{1B614520-5F41-4ADE-A8B7-AD72222AE9B8}.Debug|x64.Build.0 = Debug|x64
		{1B614520-5F41-4ADE-A8B7-AD72222AE9B8}.Debug|x64.Deploy.0 = Debug|x64
		{1B614520-5F41-4ADE-A8B7-AD72222AE9B8}.Debug|x86.ActiveCfg = Debug|x86
		{1B614520-5F41-4ADE-A8B7-AD72222AE9B8}.Debug|x86.Build.0 = Debug|x86
		{1B614520-5F41-4ADE-A8B7-AD72222AE9B8}.Debug|x86.Deploy.0 = Debug|x86
		{1B614520-5F41-4ADE-A8B7-AD72222AE9B8}.Release|Any CPU.ActiveCfg = Release|x86
		{1B614520-5F41-4ADE-A8B7-AD72222AE9B8}.Release|Any CPU.Build.0 = Release|x86
		{1B614520-5F41-4ADE-A8B7-AD72222AE9B8}.Release|Any CPU.Deploy.0 = Release|x86
		{1B614520-5F41-4ADE-A8B7-AD72222AE9B8}.Release|ARM.ActiveCfg = Release|ARM
		{1B614520-5F41-4ADE-A8B7-AD72222AE9B8}.Release|ARM.Build.0 = Release|ARM
		{1B614520-5F41-4ADE-A8B7-AD72222AE9B8}.Release|ARM.Deploy.0 = Release|ARM
		{1B614520-5F41-4ADE-A8B7-AD72222AE9B8}.Release|iPhone.ActiveCfg = Release|x86
		{1B614520-5F41-4ADE-A8B7-AD72222AE9B8}.Release|iPhone.Build.0 = Release|x86
		{1B614520-5F41-4ADE-A8B7-AD72222AE9B8}.Release|iPhone.Deploy.0 = Release|x86
		{1B614520-5F41-4ADE-A8B7-AD72222AE9B8}.Release|iPhoneSimulator.ActiveCfg = Release|x86
		{1B614520-5F41-4ADE-A8B7-AD72222AE9B8}.Release|iPhoneSimulator.Build.0 = Release|x86
		{1B614520-5F41-4ADE-A8B7-AD72222AE9B8}.Release|iPhoneSimulator.Deploy.0 = Release|x86
		{1B614520-5F41-4ADE-A8B7-AD72222AE9B8}.Release|x64.ActiveCfg = Release|x64
		{1B614520-5F41-4ADE-A8B7-AD72222AE9B8}.Release|x64.Build.0 = Release|x64
		{1B614520-5F41-4ADE-A8B7-AD72222AE9B8}.Release|x64.Deploy.0 = Release|x64
		{1B614520-5F41-4ADE-A8B7-AD72222AE9B8}.Release|x86.ActiveCfg = Release|x86
		{1B614520-5F41-4ADE-A8B7-AD72222AE9B8}.Release|x86.Build.0 = Release|x86
		{1B614520-5F41-4ADE-A8B7-AD72222AE9B8}.Release|x86.Deploy.0 = Release|x86
		{FA70A003-72FF-4847-8242-F7F69530FEAD}.Debug|Any CPU.ActiveCfg = Debug|Any CPU
		{FA70A003-72FF-4847-8242-F7F69530FEAD}.Debug|Any CPU.Build.0 = Debug|Any CPU
		{FA70A003-72FF-4847-8242-F7F69530FEAD}.Debug|Any CPU.Deploy.0 = Debug|Any CPU
		{FA70A003-72FF-4847-8242-F7F69530FEAD}.Debug|ARM.ActiveCfg = Debug|Any CPU
		{FA70A003-72FF-4847-8242-F7F69530FEAD}.Debug|ARM.Build.0 = Debug|Any CPU
		{FA70A003-72FF-4847-8242-F7F69530FEAD}.Debug|ARM.Deploy.0 = Debug|Any CPU
		{FA70A003-72FF-4847-8242-F7F69530FEAD}.Debug|iPhone.ActiveCfg = Debug|Any CPU
		{FA70A003-72FF-4847-8242-F7F69530FEAD}.Debug|iPhone.Build.0 = Debug|Any CPU
		{FA70A003-72FF-4847-8242-F7F69530FEAD}.Debug|iPhone.Deploy.0 = Debug|Any CPU
		{FA70A003-72FF-4847-8242-F7F69530FEAD}.Debug|iPhoneSimulator.ActiveCfg = Debug|Any CPU
		{FA70A003-72FF-4847-8242-F7F69530FEAD}.Debug|iPhoneSimulator.Build.0 = Debug|Any CPU
		{FA70A003-72FF-4847-8242-F7F69530FEAD}.Debug|iPhoneSimulator.Deploy.0 = Debug|Any CPU
		{FA70A003-72FF-4847-8242-F7F69530FEAD}.Debug|x64.ActiveCfg = Debug|Any CPU
		{FA70A003-72FF-4847-8242-F7F69530FEAD}.Debug|x64.Build.0 = Debug|Any CPU
		{FA70A003-72FF-4847-8242-F7F69530FEAD}.Debug|x64.Deploy.0 = Debug|Any CPU
		{FA70A003-72FF-4847-8242-F7F69530FEAD}.Debug|x86.ActiveCfg = Debug|Any CPU
		{FA70A003-72FF-4847-8242-F7F69530FEAD}.Debug|x86.Build.0 = Debug|Any CPU
		{FA70A003-72FF-4847-8242-F7F69530FEAD}.Debug|x86.Deploy.0 = Debug|Any CPU
		{FA70A003-72FF-4847-8242-F7F69530FEAD}.Release|Any CPU.ActiveCfg = Release|Any CPU
		{FA70A003-72FF-4847-8242-F7F69530FEAD}.Release|Any CPU.Build.0 = Release|Any CPU
		{FA70A003-72FF-4847-8242-F7F69530FEAD}.Release|Any CPU.Deploy.0 = Release|Any CPU
		{FA70A003-72FF-4847-8242-F7F69530FEAD}.Release|ARM.ActiveCfg = Release|Any CPU
		{FA70A003-72FF-4847-8242-F7F69530FEAD}.Release|ARM.Build.0 = Release|Any CPU
		{FA70A003-72FF-4847-8242-F7F69530FEAD}.Release|ARM.Deploy.0 = Release|Any CPU
		{FA70A003-72FF-4847-8242-F7F69530FEAD}.Release|iPhone.ActiveCfg = Release|Any CPU
		{FA70A003-72FF-4847-8242-F7F69530FEAD}.Release|iPhone.Build.0 = Release|Any CPU
		{FA70A003-72FF-4847-8242-F7F69530FEAD}.Release|iPhone.Deploy.0 = Release|Any CPU
		{FA70A003-72FF-4847-8242-F7F69530FEAD}.Release|iPhoneSimulator.ActiveCfg = Release|Any CPU
		{FA70A003-72FF-4847-8242-F7F69530FEAD}.Release|iPhoneSimulator.Build.0 = Release|Any CPU
		{FA70A003-72FF-4847-8242-F7F69530FEAD}.Release|iPhoneSimulator.Deploy.0 = Release|Any CPU
		{FA70A003-72FF-4847-8242-F7F69530FEAD}.Release|x64.ActiveCfg = Release|Any CPU
		{FA70A003-72FF-4847-8242-F7F69530FEAD}.Release|x64.Build.0 = Release|Any CPU
		{FA70A003-72FF-4847-8242-F7F69530FEAD}.Release|x64.Deploy.0 = Release|Any CPU
		{FA70A003-72FF-4847-8242-F7F69530FEAD}.Release|x86.ActiveCfg = Release|Any CPU
		{FA70A003-72FF-4847-8242-F7F69530FEAD}.Release|x86.Build.0 = Release|Any CPU
		{FA70A003-72FF-4847-8242-F7F69530FEAD}.Release|x86.Deploy.0 = Release|Any CPU
		{E3C3ED3A-42D7-4B2B-8B4E-D465973AB5F2}.Debug|Any CPU.ActiveCfg = Debug|iPhone
		{E3C3ED3A-42D7-4B2B-8B4E-D465973AB5F2}.Debug|Any CPU.Build.0 = Debug|iPhone
		{E3C3ED3A-42D7-4B2B-8B4E-D465973AB5F2}.Debug|Any CPU.Deploy.0 = Debug|iPhone
		{E3C3ED3A-42D7-4B2B-8B4E-D465973AB5F2}.Debug|ARM.ActiveCfg = Debug|iPhoneSimulator
		{E3C3ED3A-42D7-4B2B-8B4E-D465973AB5F2}.Debug|ARM.Build.0 = Debug|iPhoneSimulator
		{E3C3ED3A-42D7-4B2B-8B4E-D465973AB5F2}.Debug|ARM.Deploy.0 = Debug|iPhoneSimulator
		{E3C3ED3A-42D7-4B2B-8B4E-D465973AB5F2}.Debug|iPhone.ActiveCfg = Debug|iPhone
		{E3C3ED3A-42D7-4B2B-8B4E-D465973AB5F2}.Debug|iPhone.Build.0 = Debug|iPhone
		{E3C3ED3A-42D7-4B2B-8B4E-D465973AB5F2}.Debug|iPhone.Deploy.0 = Debug|iPhone
		{E3C3ED3A-42D7-4B2B-8B4E-D465973AB5F2}.Debug|iPhoneSimulator.ActiveCfg = Debug|iPhoneSimulator
		{E3C3ED3A-42D7-4B2B-8B4E-D465973AB5F2}.Debug|iPhoneSimulator.Build.0 = Debug|iPhoneSimulator
		{E3C3ED3A-42D7-4B2B-8B4E-D465973AB5F2}.Debug|iPhoneSimulator.Deploy.0 = Debug|iPhoneSimulator
		{E3C3ED3A-42D7-4B2B-8B4E-D465973AB5F2}.Debug|x64.ActiveCfg = Debug|iPhone
		{E3C3ED3A-42D7-4B2B-8B4E-D465973AB5F2}.Debug|x64.Build.0 = Debug|iPhone
		{E3C3ED3A-42D7-4B2B-8B4E-D465973AB5F2}.Debug|x64.Deploy.0 = Debug|iPhone
		{E3C3ED3A-42D7-4B2B-8B4E-D465973AB5F2}.Debug|x86.ActiveCfg = Debug|iPhone
		{E3C3ED3A-42D7-4B2B-8B4E-D465973AB5F2}.Debug|x86.Build.0 = Debug|iPhone
		{E3C3ED3A-42D7-4B2B-8B4E-D465973AB5F2}.Debug|x86.Deploy.0 = Debug|iPhone
		{E3C3ED3A-42D7-4B2B-8B4E-D465973AB5F2}.Release|Any CPU.ActiveCfg = Release|iPhone
		{E3C3ED3A-42D7-4B2B-8B4E-D465973AB5F2}.Release|Any CPU.Build.0 = Release|iPhone
		{E3C3ED3A-42D7-4B2B-8B4E-D465973AB5F2}.Release|Any CPU.Deploy.0 = Release|iPhone
		{E3C3ED3A-42D7-4B2B-8B4E-D465973AB5F2}.Release|ARM.ActiveCfg = Release|iPhone
		{E3C3ED3A-42D7-4B2B-8B4E-D465973AB5F2}.Release|ARM.Build.0 = Release|iPhone
		{E3C3ED3A-42D7-4B2B-8B4E-D465973AB5F2}.Release|ARM.Deploy.0 = Release|iPhone
		{E3C3ED3A-42D7-4B2B-8B4E-D465973AB5F2}.Release|iPhone.ActiveCfg = Release|iPhone
		{E3C3ED3A-42D7-4B2B-8B4E-D465973AB5F2}.Release|iPhone.Build.0 = Release|iPhone
		{E3C3ED3A-42D7-4B2B-8B4E-D465973AB5F2}.Release|iPhone.Deploy.0 = Release|iPhone
		{E3C3ED3A-42D7-4B2B-8B4E-D465973AB5F2}.Release|iPhoneSimulator.ActiveCfg = Release|iPhoneSimulator
		{E3C3ED3A-42D7-4B2B-8B4E-D465973AB5F2}.Release|iPhoneSimulator.Build.0 = Release|iPhoneSimulator
		{E3C3ED3A-42D7-4B2B-8B4E-D465973AB5F2}.Release|iPhoneSimulator.Deploy.0 = Release|iPhoneSimulator
		{E3C3ED3A-42D7-4B2B-8B4E-D465973AB5F2}.Release|x64.ActiveCfg = Release|iPhone
		{E3C3ED3A-42D7-4B2B-8B4E-D465973AB5F2}.Release|x64.Build.0 = Release|iPhone
		{E3C3ED3A-42D7-4B2B-8B4E-D465973AB5F2}.Release|x64.Deploy.0 = Release|iPhone
		{E3C3ED3A-42D7-4B2B-8B4E-D465973AB5F2}.Release|x86.ActiveCfg = Release|iPhone
		{E3C3ED3A-42D7-4B2B-8B4E-D465973AB5F2}.Release|x86.Build.0 = Release|iPhone
		{E3C3ED3A-42D7-4B2B-8B4E-D465973AB5F2}.Release|x86.Deploy.0 = Release|iPhone
		{0798032C-5204-42BF-9830-FE48530B930A}.Debug|Any CPU.ActiveCfg = Debug|Any CPU
		{0798032C-5204-42BF-9830-FE48530B930A}.Debug|Any CPU.Build.0 = Debug|Any CPU
		{0798032C-5204-42BF-9830-FE48530B930A}.Debug|Any CPU.Deploy.0 = Debug|Any CPU
		{0798032C-5204-42BF-9830-FE48530B930A}.Debug|ARM.ActiveCfg = Debug|Any CPU
		{0798032C-5204-42BF-9830-FE48530B930A}.Debug|ARM.Build.0 = Debug|Any CPU
		{0798032C-5204-42BF-9830-FE48530B930A}.Debug|ARM.Deploy.0 = Debug|Any CPU
		{0798032C-5204-42BF-9830-FE48530B930A}.Debug|iPhone.ActiveCfg = Debug|Any CPU
		{0798032C-5204-42BF-9830-FE48530B930A}.Debug|iPhone.Build.0 = Debug|Any CPU
		{0798032C-5204-42BF-9830-FE48530B930A}.Debug|iPhone.Deploy.0 = Debug|Any CPU
		{0798032C-5204-42BF-9830-FE48530B930A}.Debug|iPhoneSimulator.ActiveCfg = Debug|Any CPU
		{0798032C-5204-42BF-9830-FE48530B930A}.Debug|iPhoneSimulator.Build.0 = Debug|Any CPU
		{0798032C-5204-42BF-9830-FE48530B930A}.Debug|iPhoneSimulator.Deploy.0 = Debug|Any CPU
		{0798032C-5204-42BF-9830-FE48530B930A}.Debug|x64.ActiveCfg = Debug|Any CPU
		{0798032C-5204-42BF-9830-FE48530B930A}.Debug|x64.Build.0 = Debug|Any CPU
		{0798032C-5204-42BF-9830-FE48530B930A}.Debug|x64.Deploy.0 = Debug|Any CPU
		{0798032C-5204-42BF-9830-FE48530B930A}.Debug|x86.ActiveCfg = Debug|Any CPU
		{0798032C-5204-42BF-9830-FE48530B930A}.Debug|x86.Build.0 = Debug|Any CPU
		{0798032C-5204-42BF-9830-FE48530B930A}.Debug|x86.Deploy.0 = Debug|Any CPU
		{0798032C-5204-42BF-9830-FE48530B930A}.Release|Any CPU.ActiveCfg = Release|Any CPU
		{0798032C-5204-42BF-9830-FE48530B930A}.Release|Any CPU.Build.0 = Release|Any CPU
		{0798032C-5204-42BF-9830-FE48530B930A}.Release|Any CPU.Deploy.0 = Release|Any CPU
		{0798032C-5204-42BF-9830-FE48530B930A}.Release|ARM.ActiveCfg = Release|Any CPU
		{0798032C-5204-42BF-9830-FE48530B930A}.Release|ARM.Build.0 = Release|Any CPU
		{0798032C-5204-42BF-9830-FE48530B930A}.Release|ARM.Deploy.0 = Release|Any CPU
		{0798032C-5204-42BF-9830-FE48530B930A}.Release|iPhone.ActiveCfg = Release|Any CPU
		{0798032C-5204-42BF-9830-FE48530B930A}.Release|iPhone.Build.0 = Release|Any CPU
		{0798032C-5204-42BF-9830-FE48530B930A}.Release|iPhone.Deploy.0 = Release|Any CPU
		{0798032C-5204-42BF-9830-FE48530B930A}.Release|iPhoneSimulator.ActiveCfg = Release|Any CPU
		{0798032C-5204-42BF-9830-FE48530B930A}.Release|iPhoneSimulator.Build.0 = Release|Any CPU
		{0798032C-5204-42BF-9830-FE48530B930A}.Release|iPhoneSimulator.Deploy.0 = Release|Any CPU
		{0798032C-5204-42BF-9830-FE48530B930A}.Release|x64.ActiveCfg = Release|Any CPU
		{0798032C-5204-42BF-9830-FE48530B930A}.Release|x64.Build.0 = Release|Any CPU
		{0798032C-5204-42BF-9830-FE48530B930A}.Release|x64.Deploy.0 = Release|Any CPU
		{0798032C-5204-42BF-9830-FE48530B930A}.Release|x86.ActiveCfg = Release|Any CPU
		{0798032C-5204-42BF-9830-FE48530B930A}.Release|x86.Build.0 = Release|Any CPU
		{0798032C-5204-42BF-9830-FE48530B930A}.Release|x86.Deploy.0 = Release|Any CPU
	EndGlobalSection
	GlobalSection(SolutionProperties) = preSolution
		HideSolutionNode = FALSE
	EndGlobalSection
	GlobalSection(ExtensibilityGlobals) = postSolution
		SolutionGuid = {0457A8B3-AD61-4AD2-BAAD-523FA3A7F3F1}
	EndGlobalSection
EndGlobal
